
Microsoft Visual Studio Solution File, Format Version 12.00
# Visual Studio Version 17
VisualStudioVersion = 17.14.36603.0 d17.14
MinimumVisualStudioVersion = 10.0.40219.1
Project("{FAE04EC0-301F-11D3-BF4B-00C04F79EFBC}") = "Task1", "Task1\Task1.csproj", "{848BB0CB-DE39-46A8-A6FE-B8DD0EDDA0C2}"
EndProject
Global
	GlobalSection(SolutionConfigurationPlatforms) = preSolution
		Debug|Any CPU = Debug|Any CPU
		Release|Any CPU = Release|Any CPU
	EndGlobalSection
	GlobalSection(ProjectConfigurationPlatforms) = postSolution
		{848BB0CB-DE39-46A8-A6FE-B8DD0EDDA0C2}.Debug|Any CPU.ActiveCfg = Debug|Any CPU
		{848BB0CB-DE39-46A8-A6FE-B8DD0EDDA0C2}.Debug|Any CPU.Build.0 = Debug|Any CPU
		{848BB0CB-DE39-46A8-A6FE-B8DD0EDDA0C2}.Release|Any CPU.ActiveCfg = Release|Any CPU
		{848BB0CB-DE39-46A8-A6FE-B8DD0EDDA0C2}.Release|Any CPU.Build.0 = Release|Any CPU
	EndGlobalSection
	GlobalSection(SolutionProperties) = preSolution
		HideSolutionNode = FALSE
	EndGlobalSection
	GlobalSection(ExtensibilityGlobals) = postSolution
		SolutionGuid = {9E065445-5005-4057-8EB4-252DB598C033}
	EndGlobalSection
EndGlobal
